// !$*UTF8*$!
{
	archiveVersion = 1;
	classes = {
	};
	objectVersion = 56;
	objects = {

/* Begin PBXBuildFile section */
		2D84BFF629F6FBE3006C7239 /* AppDelegate.swift in Sources */ = {isa = PBXBuildFile; fileRef = 2D84BFF529F6FBE3006C7239 /* AppDelegate.swift */; };
		2D84BFFD29F6FBE3006C7239 /* Main.storyboard in Resources */ = {isa = PBXBuildFile; fileRef = 2D84BFFB29F6FBE3006C7239 /* Main.storyboard */; };
		2D84BFFF29F6FBE5006C7239 /* Assets.xcassets in Resources */ = {isa = PBXBuildFile; fileRef = 2D84BFFE29F6FBE5006C7239 /* Assets.xcassets */; };
		2D84C00229F6FBE5006C7239 /* LaunchScreen.storyboard in Resources */ = {isa = PBXBuildFile; fileRef = 2D84C00029F6FBE5006C7239 /* LaunchScreen.storyboard */; };
		2D84C01129F711A0006C7239 /* GeoModel.swift in Sources */ = {isa = PBXBuildFile; fileRef = 2D84C01029F711A0006C7239 /* GeoModel.swift */; };
		2D84C01329F711AE006C7239 /* GeoViewController.swift in Sources */ = {isa = PBXBuildFile; fileRef = 2D84C01229F711AE006C7239 /* GeoViewController.swift */; };
		2D84C01829F711E6006C7239 /* GeoView.swift in Sources */ = {isa = PBXBuildFile; fileRef = 2D84C01729F711E6006C7239 /* GeoView.swift */; };
		2D84C01A29F71205006C7239 /* MainModel.swift in Sources */ = {isa = PBXBuildFile; fileRef = 2D84C01929F71205006C7239 /* MainModel.swift */; };
		2D84C01C29F71229006C7239 /* MainView.swift in Sources */ = {isa = PBXBuildFile; fileRef = 2D84C01B29F71229006C7239 /* MainView.swift */; };
		2D84C01E29F71237006C7239 /* MainViewController.swift in Sources */ = {isa = PBXBuildFile; fileRef = 2D84C01D29F71237006C7239 /* MainViewController.swift */; };
		2D84C02029F7124B006C7239 /* SettingsModel.swift in Sources */ = {isa = PBXBuildFile; fileRef = 2D84C01F29F7124B006C7239 /* SettingsModel.swift */; };
		2D84C02229F71260006C7239 /* SettingViewController.swift in Sources */ = {isa = PBXBuildFile; fileRef = 2D84C02129F71260006C7239 /* SettingViewController.swift */; };
		2D84C02429F7126E006C7239 /* SettingView.swift in Sources */ = {isa = PBXBuildFile; fileRef = 2D84C02329F7126E006C7239 /* SettingView.swift */; };
		2D84C02629F712A0006C7239 /* 24HModel.swift in Sources */ = {isa = PBXBuildFile; fileRef = 2D84C02529F712A0006C7239 /* 24HModel.swift */; };
		2D84C02829F712B4006C7239 /* 24HViewController.swift in Sources */ = {isa = PBXBuildFile; fileRef = 2D84C02729F712B4006C7239 /* 24HViewController.swift */; };
		2D84C02A29F712E7006C7239 /* 24HView.swift in Sources */ = {isa = PBXBuildFile; fileRef = 2D84C02929F712E7006C7239 /* 24HView.swift */; };
		2D84C02C29F712FC006C7239 /* DayModel.swift in Sources */ = {isa = PBXBuildFile; fileRef = 2D84C02B29F712FC006C7239 /* DayModel.swift */; };
		2D84C02E29F71329006C7239 /* DayViewController.swift in Sources */ = {isa = PBXBuildFile; fileRef = 2D84C02D29F71329006C7239 /* DayViewController.swift */; };
		2D84C03029F71348006C7239 /* DayView.swift in Sources */ = {isa = PBXBuildFile; fileRef = 2D84C02F29F71348006C7239 /* DayView.swift */; };
		2DBD83FB29F9A21600EAA2F1 /* SettingsTableViewCell.swift in Sources */ = {isa = PBXBuildFile; fileRef = 2DBD83FA29F9A21600EAA2F1 /* SettingsTableViewCell.swift */; };
/* End PBXBuildFile section */

/* Begin PBXFileReference section */
		2D84BFF229F6FBE3006C7239 /* SkyWatch.app */ = {isa = PBXFileReference; explicitFileType = wrapper.application; includeInIndex = 0; path = SkyWatch.app; sourceTree = BUILT_PRODUCTS_DIR; };
		2D84BFF529F6FBE3006C7239 /* AppDelegate.swift */ = {isa = PBXFileReference; lastKnownFileType = sourcecode.swift; path = AppDelegate.swift; sourceTree = "<group>"; };
		2D84BFFC29F6FBE3006C7239 /* Base */ = {isa = PBXFileReference; lastKnownFileType = file.storyboard; name = Base; path = Base.lproj/Main.storyboard; sourceTree = "<group>"; };
		2D84BFFE29F6FBE5006C7239 /* Assets.xcassets */ = {isa = PBXFileReference; lastKnownFileType = folder.assetcatalog; path = Assets.xcassets; sourceTree = "<group>"; };
		2D84C00129F6FBE5006C7239 /* Base */ = {isa = PBXFileReference; lastKnownFileType = file.storyboard; name = Base; path = Base.lproj/LaunchScreen.storyboard; sourceTree = "<group>"; };
		2D84C00329F6FBE5006C7239 /* Info.plist */ = {isa = PBXFileReference; lastKnownFileType = text.plist.xml; path = Info.plist; sourceTree = "<group>"; };
		2D84C01029F711A0006C7239 /* GeoModel.swift */ = {isa = PBXFileReference; lastKnownFileType = sourcecode.swift; path = GeoModel.swift; sourceTree = "<group>"; };
		2D84C01229F711AE006C7239 /* GeoViewController.swift */ = {isa = PBXFileReference; lastKnownFileType = sourcecode.swift; path = GeoViewController.swift; sourceTree = "<group>"; };
		2D84C01729F711E6006C7239 /* GeoView.swift */ = {isa = PBXFileReference; lastKnownFileType = sourcecode.swift; path = GeoView.swift; sourceTree = "<group>"; };
		2D84C01929F71205006C7239 /* MainModel.swift */ = {isa = PBXFileReference; lastKnownFileType = sourcecode.swift; path = MainModel.swift; sourceTree = "<group>"; };
		2D84C01B29F71229006C7239 /* MainView.swift */ = {isa = PBXFileReference; lastKnownFileType = sourcecode.swift; path = MainView.swift; sourceTree = "<group>"; };
		2D84C01D29F71237006C7239 /* MainViewController.swift */ = {isa = PBXFileReference; lastKnownFileType = sourcecode.swift; path = MainViewController.swift; sourceTree = "<group>"; };
		2D84C01F29F7124B006C7239 /* SettingsModel.swift */ = {isa = PBXFileReference; lastKnownFileType = sourcecode.swift; path = SettingsModel.swift; sourceTree = "<group>"; };
		2D84C02129F71260006C7239 /* SettingViewController.swift */ = {isa = PBXFileReference; lastKnownFileType = sourcecode.swift; path = SettingViewController.swift; sourceTree = "<group>"; };
		2D84C02329F7126E006C7239 /* SettingView.swift */ = {isa = PBXFileReference; lastKnownFileType = sourcecode.swift; path = SettingView.swift; sourceTree = "<group>"; };
		2D84C02529F712A0006C7239 /* 24HModel.swift */ = {isa = PBXFileReference; lastKnownFileType = sourcecode.swift; path = 24HModel.swift; sourceTree = "<group>"; };
		2D84C02729F712B4006C7239 /* 24HViewController.swift */ = {isa = PBXFileReference; lastKnownFileType = sourcecode.swift; path = 24HViewController.swift; sourceTree = "<group>"; };
		2D84C02929F712E7006C7239 /* 24HView.swift */ = {isa = PBXFileReference; lastKnownFileType = sourcecode.swift; path = 24HView.swift; sourceTree = "<group>"; };
		2D84C02B29F712FC006C7239 /* DayModel.swift */ = {isa = PBXFileReference; lastKnownFileType = sourcecode.swift; path = DayModel.swift; sourceTree = "<group>"; };
		2D84C02D29F71329006C7239 /* DayViewController.swift */ = {isa = PBXFileReference; lastKnownFileType = sourcecode.swift; path = DayViewController.swift; sourceTree = "<group>"; };
		2D84C02F29F71348006C7239 /* DayView.swift */ = {isa = PBXFileReference; lastKnownFileType = sourcecode.swift; path = DayView.swift; sourceTree = "<group>"; };
		2DBD83FA29F9A21600EAA2F1 /* SettingsTableViewCell.swift */ = {isa = PBXFileReference; lastKnownFileType = sourcecode.swift; path = SettingsTableViewCell.swift; sourceTree = "<group>"; };
/* End PBXFileReference section */

/* Begin PBXFrameworksBuildPhase section */
		2D84BFEF29F6FBE3006C7239 /* Frameworks */ = {
			isa = PBXFrameworksBuildPhase;
			buildActionMask = 2147483647;
			files = (
			);
			runOnlyForDeploymentPostprocessing = 0;
		};
/* End PBXFrameworksBuildPhase section */

/* Begin PBXGroup section */
		2D84BFE929F6FBE3006C7239 = {
			isa = PBXGroup;
			children = (
				2D84BFF429F6FBE3006C7239 /* SkyWatch */,
				2D84BFF329F6FBE3006C7239 /* Products */,
			);
			sourceTree = "<group>";
		};
		2D84BFF329F6FBE3006C7239 /* Products */ = {
			isa = PBXGroup;
			children = (
				2D84BFF229F6FBE3006C7239 /* SkyWatch.app */,
			);
			name = Products;
			sourceTree = "<group>";
		};
		2D84BFF429F6FBE3006C7239 /* SkyWatch */ = {
			isa = PBXGroup;
			children = (
				2D84C00F29F7116E006C7239 /* Network */,
				2D84C00929F70721006C7239 /* Geo Screen */,
				2D84C00B29F7094A006C7239 /* Main Screen */,
				2D84C00A29F7092E006C7239 /* Settings Screen */,
				2D84C00E29F709BC006C7239 /* 24H Screen */,
				2D84C00D29F70982006C7239 /* Day Screen */,
				2D84BFF529F6FBE3006C7239 /* AppDelegate.swift */,
				2D84BFFB29F6FBE3006C7239 /* Main.storyboard */,
				2D84BFFE29F6FBE5006C7239 /* Assets.xcassets */,
				2D84C00029F6FBE5006C7239 /* LaunchScreen.storyboard */,
				2D84C00329F6FBE5006C7239 /* Info.plist */,
			);
			path = SkyWatch;
			sourceTree = "<group>";
		};
		2D84C00929F70721006C7239 /* Geo Screen */ = {
			isa = PBXGroup;
			children = (
				2D84C01029F711A0006C7239 /* GeoModel.swift */,
				2D84C01229F711AE006C7239 /* GeoViewController.swift */,
				2D84C01729F711E6006C7239 /* GeoView.swift */,
			);
			path = "Geo Screen";
			sourceTree = "<group>";
		};
		2D84C00A29F7092E006C7239 /* Settings Screen */ = {
			isa = PBXGroup;
			children = (
				2D84C01F29F7124B006C7239 /* SettingsModel.swift */,
				2D84C02129F71260006C7239 /* SettingViewController.swift */,
				2D84C02329F7126E006C7239 /* SettingView.swift */,
				2DBD83FA29F9A21600EAA2F1 /* SettingsTableViewCell.swift */,
			);
			path = "Settings Screen";
			sourceTree = "<group>";
		};
		2D84C00B29F7094A006C7239 /* Main Screen */ = {
			isa = PBXGroup;
			children = (
				2D84C01929F71205006C7239 /* MainModel.swift */,
				2D84C01D29F71237006C7239 /* MainViewController.swift */,
				2D84C01B29F71229006C7239 /* MainView.swift */,
				2DBD83FC29F9E1A400EAA2F1 /* Cellls */,
			);
			path = "Main Screen";
			sourceTree = "<group>";
		};
		2D84C00D29F70982006C7239 /* Day Screen */ = {
			isa = PBXGroup;
			children = (
				2D84C02B29F712FC006C7239 /* DayModel.swift */,
				2D84C02D29F71329006C7239 /* DayViewController.swift */,
				2D84C02F29F71348006C7239 /* DayView.swift */,
			);
			path = "Day Screen";
			sourceTree = "<group>";
		};
		2D84C00E29F709BC006C7239 /* 24H Screen */ = {
			isa = PBXGroup;
			children = (
				2D84C02529F712A0006C7239 /* 24HModel.swift */,
				2D84C02729F712B4006C7239 /* 24HViewController.swift */,
				2D84C02929F712E7006C7239 /* 24HView.swift */,
			);
			path = "24H Screen";
			sourceTree = "<group>";
		};
		2D84C00F29F7116E006C7239 /* Network */ = {
			isa = PBXGroup;
			children = (
			);
			path = Network;
			sourceTree = "<group>";
		};
		2DBD83FC29F9E1A400EAA2F1 /* Cellls */ = {
			isa = PBXGroup;
			children = (
			);
			path = Cellls;
			sourceTree = "<group>";
		};
/* End PBXGroup section */

/* Begin PBXNativeTarget section */
		2D84BFF129F6FBE3006C7239 /* SkyWatch */ = {
			isa = PBXNativeTarget;
			buildConfigurationList = 2D84C00629F6FBE5006C7239 /* Build configuration list for PBXNativeTarget "SkyWatch" */;
			buildPhases = (
				2D84BFEE29F6FBE3006C7239 /* Sources */,
				2D84BFEF29F6FBE3006C7239 /* Frameworks */,
				2D84BFF029F6FBE3006C7239 /* Resources */,
			);
			buildRules = (
			);
			dependencies = (
			);
			name = SkyWatch;
			productName = SkyWatch;
			productReference = 2D84BFF229F6FBE3006C7239 /* SkyWatch.app */;
			productType = "com.apple.product-type.application";
		};
/* End PBXNativeTarget section */

/* Begin PBXProject section */
		2D84BFEA29F6FBE3006C7239 /* Project object */ = {
			isa = PBXProject;
			attributes = {
				BuildIndependentTargetsInParallel = 1;
				LastSwiftUpdateCheck = 1420;
				LastUpgradeCheck = 1420;
				TargetAttributes = {
					2D84BFF129F6FBE3006C7239 = {
						CreatedOnToolsVersion = 14.2;
					};
				};
			};
			buildConfigurationList = 2D84BFED29F6FBE3006C7239 /* Build configuration list for PBXProject "SkyWatch" */;
			compatibilityVersion = "Xcode 14.0";
			developmentRegion = en;
			hasScannedForEncodings = 0;
			knownRegions = (
				en,
				Base,
			);
			mainGroup = 2D84BFE929F6FBE3006C7239;
			productRefGroup = 2D84BFF329F6FBE3006C7239 /* Products */;
			projectDirPath = "";
			projectRoot = "";
			targets = (
				2D84BFF129F6FBE3006C7239 /* SkyWatch */,
			);
		};
/* End PBXProject section */

/* Begin PBXResourcesBuildPhase section */
		2D84BFF029F6FBE3006C7239 /* Resources */ = {
			isa = PBXResourcesBuildPhase;
			buildActionMask = 2147483647;
			files = (
				2D84C00229F6FBE5006C7239 /* LaunchScreen.storyboard in Resources */,
				2D84BFFF29F6FBE5006C7239 /* Assets.xcassets in Resources */,
				2D84BFFD29F6FBE3006C7239 /* Main.storyboard in Resources */,
			);
			runOnlyForDeploymentPostprocessing = 0;
		};
/* End PBXResourcesBuildPhase section */

/* Begin PBXSourcesBuildPhase section */
		2D84BFEE29F6FBE3006C7239 /* Sources */ = {
			isa = PBXSourcesBuildPhase;
			buildActionMask = 2147483647;
			files = (
				2D84C02E29F71329006C7239 /* DayViewController.swift in Sources */,
				2D84C02229F71260006C7239 /* SettingViewController.swift in Sources */,
				2D84C01C29F71229006C7239 /* MainView.swift in Sources */,
				2D84C01129F711A0006C7239 /* GeoModel.swift in Sources */,
				2D84C01329F711AE006C7239 /* GeoViewController.swift in Sources */,
				2D84C02829F712B4006C7239 /* 24HViewController.swift in Sources */,
				2D84C01A29F71205006C7239 /* MainModel.swift in Sources */,
				2D84BFF629F6FBE3006C7239 /* AppDelegate.swift in Sources */,
				2D84C02C29F712FC006C7239 /* DayModel.swift in Sources */,
				2D84C02029F7124B006C7239 /* SettingsModel.swift in Sources */,
				2D84C01E29F71237006C7239 /* MainViewController.swift in Sources */,
				2DBD83FB29F9A21600EAA2F1 /* SettingsTableViewCell.swift in Sources */,
				2D84C02429F7126E006C7239 /* SettingView.swift in Sources */,
				2D84C03029F71348006C7239 /* DayView.swift in Sources */,
				2D84C01829F711E6006C7239 /* GeoView.swift in Sources */,
				2D84C02629F712A0006C7239 /* 24HModel.swift in Sources */,
				2D84C02A29F712E7006C7239 /* 24HView.swift in Sources */,
			);
			runOnlyForDeploymentPostprocessing = 0;
		};
/* End PBXSourcesBuildPhase section */

/* Begin PBXVariantGroup section */
		2D84BFFB29F6FBE3006C7239 /* Main.storyboard */ = {
			isa = PBXVariantGroup;
			children = (
				2D84BFFC29F6FBE3006C7239 /* Base */,
			);
			name = Main.storyboard;
			sourceTree = "<group>";
		};
		2D84C00029F6FBE5006C7239 /* LaunchScreen.storyboard */ = {
			isa = PBXVariantGroup;
			children = (
				2D84C00129F6FBE5006C7239 /* Base */,
			);
			name = LaunchScreen.storyboard;
			sourceTree = "<group>";
		};
/* End PBXVariantGroup section */

/* Begin XCBuildConfiguration section */
		2D84C00429F6FBE5006C7239 /* Debug */ = {
			isa = XCBuildConfiguration;
			buildSettings = {
				ALWAYS_SEARCH_USER_PATHS = NO;
				CLANG_ANALYZER_NONNULL = YES;
				CLANG_ANALYZER_NUMBER_OBJECT_CONVERSION = YES_AGGRESSIVE;
				CLANG_CXX_LANGUAGE_STANDARD = "gnu++20";
				CLANG_ENABLE_MODULES = YES;
				CLANG_ENABLE_OBJC_ARC = YES;
				CLANG_ENABLE_OBJC_WEAK = YES;
				CLANG_WARN_BLOCK_CAPTURE_AUTORELEASING = YES;
				CLANG_WARN_BOOL_CONVERSION = YES;
				CLANG_WARN_COMMA = YES;
				CLANG_WARN_CONSTANT_CONVERSION = YES;
				CLANG_WARN_DEPRECATED_OBJC_IMPLEMENTATIONS = YES;
				CLANG_WARN_DIRECT_OBJC_ISA_USAGE = YES_ERROR;
				CLANG_WARN_DOCUMENTATION_COMMENTS = YES;
				CLANG_WARN_EMPTY_BODY = YES;
				CLANG_WARN_ENUM_CONVERSION = YES;
				CLANG_WARN_INFINITE_RECURSION = YES;
				CLANG_WARN_INT_CONVERSION = YES;
				CLANG_WARN_NON_LITERAL_NULL_CONVERSION = YES;
				CLANG_WARN_OBJC_IMPLICIT_RETAIN_SELF = YES;
				CLANG_WARN_OBJC_LITERAL_CONVERSION = YES;
				CLANG_WARN_OBJC_ROOT_CLASS = YES_ERROR;
				CLANG_WARN_QUOTED_INCLUDE_IN_FRAMEWORK_HEADER = YES;
				CLANG_WARN_RANGE_LOOP_ANALYSIS = YES;
				CLANG_WARN_STRICT_PROTOTYPES = YES;
				CLANG_WARN_SUSPICIOUS_MOVE = YES;
				CLANG_WARN_UNGUARDED_AVAILABILITY = YES_AGGRESSIVE;
				CLANG_WARN_UNREACHABLE_CODE = YES;
				CLANG_WARN__DUPLICATE_METHOD_MATCH = YES;
				COPY_PHASE_STRIP = NO;
				DEBUG_INFORMATION_FORMAT = dwarf;
				ENABLE_STRICT_OBJC_MSGSEND = YES;
				ENABLE_TESTABILITY = YES;
				GCC_C_LANGUAGE_STANDARD = gnu11;
				GCC_DYNAMIC_NO_PIC = NO;
				GCC_NO_COMMON_BLOCKS = YES;
				GCC_OPTIMIZATION_LEVEL = 0;
				GCC_PREPROCESSOR_DEFINITIONS = (
					"DEBUG=1",
					"$(inherited)",
				);
				GCC_WARN_64_TO_32_BIT_CONVERSION = YES;
				GCC_WARN_ABOUT_RETURN_TYPE = YES_ERROR;
				GCC_WARN_UNDECLARED_SELECTOR = YES;
				GCC_WARN_UNINITIALIZED_AUTOS = YES_AGGRESSIVE;
				GCC_WARN_UNUSED_FUNCTION = YES;
				GCC_WARN_UNUSED_VARIABLE = YES;
				IPHONEOS_DEPLOYMENT_TARGET = 16.2;
				MTL_ENABLE_DEBUG_INFO = INCLUDE_SOURCE;
				MTL_FAST_MATH = YES;
				ONLY_ACTIVE_ARCH = YES;
				SDKROOT = iphoneos;
				SWIFT_ACTIVE_COMPILATION_CONDITIONS = DEBUG;
				SWIFT_OPTIMIZATION_LEVEL = "-Onone";
			};
			name = Debug;
		};
		2D84C00529F6FBE5006C7239 /* Release */ = {
			isa = XCBuildConfiguration;
			buildSettings = {
				ALWAYS_SEARCH_USER_PATHS = NO;
				CLANG_ANALYZER_NONNULL = YES;
				CLANG_ANALYZER_NUMBER_OBJECT_CONVERSION = YES_AGGRESSIVE;
				CLANG_CXX_LANGUAGE_STANDARD = "gnu++20";
				CLANG_ENABLE_MODULES = YES;
				CLANG_ENABLE_OBJC_ARC = YES;
				CLANG_ENABLE_OBJC_WEAK = YES;
				CLANG_WARN_BLOCK_CAPTURE_AUTORELEASING = YES;
				CLANG_WARN_BOOL_CONVERSION = YES;
				CLANG_WARN_COMMA = YES;
				CLANG_WARN_CONSTANT_CONVERSION = YES;
				CLANG_WARN_DEPRECATED_OBJC_IMPLEMENTATIONS = YES;
				CLANG_WARN_DIRECT_OBJC_ISA_USAGE = YES_ERROR;
				CLANG_WARN_DOCUMENTATION_COMMENTS = YES;
				CLANG_WARN_EMPTY_BODY = YES;
				CLANG_WARN_ENUM_CONVERSION = YES;
				CLANG_WARN_INFINITE_RECURSION = YES;
				CLANG_WARN_INT_CONVERSION = YES;
				CLANG_WARN_NON_LITERAL_NULL_CONVERSION = YES;
				CLANG_WARN_OBJC_IMPLICIT_RETAIN_SELF = YES;
				CLANG_WARN_OBJC_LITERAL_CONVERSION = YES;
				CLANG_WARN_OBJC_ROOT_CLASS = YES_ERROR;
				CLANG_WARN_QUOTED_INCLUDE_IN_FRAMEWORK_HEADER = YES;
				CLANG_WARN_RANGE_LOOP_ANALYSIS = YES;
				CLANG_WARN_STRICT_PROTOTYPES = YES;
				CLANG_WARN_SUSPICIOUS_MOVE = YES;
				CLANG_WARN_UNGUARDED_AVAILABILITY = YES_AGGRESSIVE;
				CLANG_WARN_UNREACHABLE_CODE = YES;
				CLANG_WARN__DUPLICATE_METHOD_MATCH = YES;
				COPY_PHASE_STRIP = NO;
				DEBUG_INFORMATION_FORMAT = "dwarf-with-dsym";
				ENABLE_NS_ASSERTIONS = NO;
				ENABLE_STRICT_OBJC_MSGSEND = YES;
				GCC_C_LANGUAGE_STANDARD = gnu11;
				GCC_NO_COMMON_BLOCKS = YES;
				GCC_WARN_64_TO_32_BIT_CONVERSION = YES;
				GCC_WARN_ABOUT_RETURN_TYPE = YES_ERROR;
				GCC_WARN_UNDECLARED_SELECTOR = YES;
				GCC_WARN_UNINITIALIZED_AUTOS = YES_AGGRESSIVE;
				GCC_WARN_UNUSED_FUNCTION = YES;
				GCC_WARN_UNUSED_VARIABLE = YES;
				IPHONEOS_DEPLOYMENT_TARGET = 16.2;
				MTL_ENABLE_DEBUG_INFO = NO;
				MTL_FAST_MATH = YES;
				SDKROOT = iphoneos;
				SWIFT_COMPILATION_MODE = wholemodule;
				SWIFT_OPTIMIZATION_LEVEL = "-O";
				VALIDATE_PRODUCT = YES;
			};
			name = Release;
		};
		2D84C00729F6FBE5006C7239 /* Debug */ = {
			isa = XCBuildConfiguration;
			buildSettings = {
				ASSETCATALOG_COMPILER_APPICON_NAME = AppIcon;
				ASSETCATALOG_COMPILER_GLOBAL_ACCENT_COLOR_NAME = AccentColor;
				CODE_SIGN_STYLE = Automatic;
				CURRENT_PROJECT_VERSION = 1;
				DEVELOPMENT_TEAM = 438U5Y8KH6;
				GENERATE_INFOPLIST_FILE = YES;
				INFOPLIST_FILE = SkyWatch/Info.plist;
				INFOPLIST_KEY_UIApplicationSupportsIndirectInputEvents = YES;
				INFOPLIST_KEY_UILaunchStoryboardName = LaunchScreen;
				INFOPLIST_KEY_UIMainStoryboardFile = "";
				INFOPLIST_KEY_UISupportedInterfaceOrientations_iPad = "UIInterfaceOrientationPortrait UIInterfaceOrientationPortraitUpsideDown UIInterfaceOrientationLandscapeLeft UIInterfaceOrientationLandscapeRight";
				INFOPLIST_KEY_UISupportedInterfaceOrientations_iPhone = "UIInterfaceOrientationPortrait UIInterfaceOrientationLandscapeLeft UIInterfaceOrientationLandscapeRight";
				LD_RUNPATH_SEARCH_PATHS = (
					"$(inherited)",
					"@executable_path/Frameworks",
				);
				MARKETING_VERSION = 1.0;
				PRODUCT_BUNDLE_IDENTIFIER = maksym.programming.SkyWatch;
				PRODUCT_NAME = "$(TARGET_NAME)";
				SWIFT_EMIT_LOC_STRINGS = YES;
				SWIFT_VERSION = 5.0;
				TARGETED_DEVICE_FAMILY = "1,2";
			};
			name = Debug;
		};
		2D84C00829F6FBE5006C7239 /* Release */ = {
			isa = XCBuildConfiguration;
			buildSettings = {
				ASSETCATALOG_COMPILER_APPICON_NAME = AppIcon;
				ASSETCATALOG_COMPILER_GLOBAL_ACCENT_COLOR_NAME = AccentColor;
				CODE_SIGN_STYLE = Automatic;
				CURRENT_PROJECT_VERSION = 1;
				DEVELOPMENT_TEAM = 438U5Y8KH6;
				GENERATE_INFOPLIST_FILE = YES;
				INFOPLIST_FILE = SkyWatch/Info.plist;
				INFOPLIST_KEY_UIApplicationSupportsIndirectInputEvents = YES;
				INFOPLIST_KEY_UILaunchStoryboardName = LaunchScreen;
				INFOPLIST_KEY_UIMainStoryboardFile = "";
				INFOPLIST_KEY_UISupportedInterfaceOrientations_iPad = "UIInterfaceOrientationPortrait UIInterfaceOrientationPortraitUpsideDown UIInterfaceOrientationLandscapeLeft UIInterfaceOrientationLandscapeRight";
				INFOPLIST_KEY_UISupportedInterfaceOrientations_iPhone = "UIInterfaceOrientationPortrait UIInterfaceOrientationLandscapeLeft UIInterfaceOrientationLandscapeRight";
				LD_RUNPATH_SEARCH_PATHS = (
					"$(inherited)",
					"@executable_path/Frameworks",
				);
				MARKETING_VERSION = 1.0;
				PRODUCT_BUNDLE_IDENTIFIER = maksym.programming.SkyWatch;
				PRODUCT_NAME = "$(TARGET_NAME)";
				SWIFT_EMIT_LOC_STRINGS = YES;
				SWIFT_VERSION = 5.0;
				TARGETED_DEVICE_FAMILY = "1,2";
			};
			name = Release;
		};
/* End XCBuildConfiguration section */

/* Begin XCConfigurationList section */
		2D84BFED29F6FBE3006C7239 /* Build configuration list for PBXProject "SkyWatch" */ = {
			isa = XCConfigurationList;
			buildConfigurations = (
				2D84C00429F6FBE5006C7239 /* Debug */,
				2D84C00529F6FBE5006C7239 /* Release */,
			);
			defaultConfigurationIsVisible = 0;
			defaultConfigurationName = Release;
		};
		2D84C00629F6FBE5006C7239 /* Build configuration list for PBXNativeTarget "SkyWatch" */ = {
			isa = XCConfigurationList;
			buildConfigurations = (
				2D84C00729F6FBE5006C7239 /* Debug */,
				2D84C00829F6FBE5006C7239 /* Release */,
			);
			defaultConfigurationIsVisible = 0;
			defaultConfigurationName = Release;
		};
/* End XCConfigurationList section */
	};
	rootObject = 2D84BFEA29F6FBE3006C7239 /* Project object */;
}
